version = 1
requires-python = ">=3.13"

[[package]]
name = "anyio"
version = "4.7.0"
source = { registry = "https://pypi.org/simple" }
dependencies = [
    { name = "idna" },
    { name = "sniffio" },
]
sdist = { url = "https://files.pythonhosted.org/packages/f6/40/318e58f669b1a9e00f5c4453910682e2d9dd594334539c7b7817dabb765f/anyio-4.7.0.tar.gz", hash = "sha256:2f834749c602966b7d456a7567cafcb309f96482b5081d14ac93ccd457f9dd48", size = 177076 }
wheels = [
    { url = "https://files.pythonhosted.org/packages/a0/7a/4daaf3b6c08ad7ceffea4634ec206faeff697526421c20f07628c7372156/anyio-4.7.0-py3-none-any.whl", hash = "sha256:ea60c3723ab42ba6fff7e8ccb0488c898ec538ff4df1f1d5e642c3601d07e352", size = 93052 },
]

[[package]]
name = "gravimory"
version = "0.1.0"
source = { virtual = "." }
dependencies = [
    { name = "pyxel" },
    { name = "pyxel-utils" },
]

[package.dev-dependencies]
dev = [
    { name = "pyxel-reload" },
    { name = "ruff" },
]

[package.metadata]
requires-dist = [
    { name = "pyxel", specifier = ">=2.2.10" },
    { name = "pyxel-utils", specifier = ">=0.1.1" },
]

[package.metadata.requires-dev]
dev = [
    { name = "pyxel-reload", specifier = ">=0.2.0" },
    { name = "ruff", specifier = ">=0.8.5" },
]

[[package]]
name = "idna"
version = "3.10"
source = { registry = "https://pypi.org/simple" }
sdist = { url = "https://files.pythonhosted.org/packages/f1/70/7703c29685631f5a7590aa73f1f1d3fa9a380e654b86af429e0934a32f7d/idna-3.10.tar.gz", hash = "sha256:12f65c9b470abda6dc35cf8e63cc574b1c52b11df2c86030af0ac09b01b13ea9", size = 190490 }
wheels = [
    { url = "https://files.pythonhosted.org/packages/76/c6/c88e154df9c4e1a2a66ccf0005a88dfb2650c1dffb6f5ce603dfbd452ce3/idna-3.10-py3-none-any.whl", hash = "sha256:946d195a0d259cbba61165e88e65941f16e9b36ea6ddb97f00452bae8b1287d3", size = 70442 },
]

[[package]]
name = "pyxel"
version = "2.2.10"
source = { registry = "https://pypi.org/simple" }
wheels = [
    { url = "https://files.pythonhosted.org/packages/2e/44/cba9db7700ac49f03ef14d5c36ecda8e0053fb2e60aeea9fb80181c8b106/pyxel-2.2.10-cp38-abi3-macosx_10_12_x86_64.whl", hash = "sha256:d73412a40eef07d5f3ecff8cfea8439299130328e91bbe673eebca8782c0cd9a", size = 3144089 },
    { url = "https://files.pythonhosted.org/packages/f1/52/d5742000378b81640e7d1e0a9c66b2e16e35bfb39f01fec7a5024843f45c/pyxel-2.2.10-cp38-abi3-macosx_11_0_arm64.whl", hash = "sha256:88836dde1dc33332c9936e2274d8eb0251361d5fc566c1e5337b4c570edcf4ec", size = 2959817 },
    { url = "https://files.pythonhosted.org/packages/a6/f9/cb54bb0d397dadf77fa719c6dec6d2a3fa623735564a2d48b6b8b8c816cc/pyxel-2.2.10-cp38-abi3-manylinux_2_17_aarch64.manylinux2014_aarch64.whl", hash = "sha256:525fdbe57fe13243fc1db16f3184d95f09aa76d5faa33678bb2cd6f059345693", size = 2935125 },
    { url = "https://files.pythonhosted.org/packages/7a/38/fe27e9888b2dcdcbe17749a53e22feda292c9c908e243a115284d49489bd/pyxel-2.2.10-cp38-abi3-manylinux_2_17_armv7l.manylinux2014_armv7l.whl", hash = "sha256:29a3c4c3c0211375c26fe96b01c2a848e62c7b954800f7acb8af17227c5a46b7", size = 2946360 },
    { url = "https://files.pythonhosted.org/packages/65/ce/e61974ccb13d96a0cb766f72423f51c18ddf6656b05fd33eb02db4c1d0db/pyxel-2.2.10-cp38-abi3-manylinux_2_17_i686.manylinux2014_i686.whl", hash = "sha256:829b475f68d10441b752ac0868aef2aed62c8c327537d812c97bd67419dbbca1", size = 3197653 },
    { url = "https://files.pythonhosted.org/packages/78/eb/ddbdab82a57bb019201a48c5d82972a2c97182623ef0b21e3e642d4e6504/pyxel-2.2.10-cp38-abi3-manylinux_2_17_x86_64.manylinux2014_x86_64.whl", hash = "sha256:82bccb152ff3e6f3eadd88878551f53001bbb0d5cba66b38e6f9b080a11c91ce", size = 3002474 },
    { url = "https://files.pythonhosted.org/packages/f1/82/e5a831902f7ff16868e76782f9a32881d714b63480bb72672a3b6b9718f1/pyxel-2.2.10-cp38-abi3-win32.whl", hash = "sha256:2768403a4628d98c9ff18fcede8068007c3d3cce5dfc56e07ef1d0c1466873e0", size = 3077993 },
    { url = "https://files.pythonhosted.org/packages/a8/32/26e174631f0034e2715e9e0b26b736ff05ae305786fc0185c57b7e96f06b/pyxel-2.2.10-cp38-abi3-win_amd64.whl", hash = "sha256:58e8fd4653cdee95b17684c05d2d3ceb8df07d0ff8d08f9c572075ff8e8c533f", size = 3230259 },
]

[[package]]
name = "pyxel-reload"
version = "0.2.0"
source = { registry = "https://pypi.org/simple" }
dependencies = [
    { name = "pyxel" },
    { name = "watchfiles" },
]
sdist = { url = "https://files.pythonhosted.org/packages/a3/f5/5c5b21904d482cd807d5f470658606919a5766e003b8408b7c3e9f2118b3/pyxel_reload-0.2.0.tar.gz", hash = "sha256:34fbf7986a5924ee2fbc835ad06e19f6f7dee15165829c6ecb3be24fa896b899", size = 293475 }
wheels = [
    { url = "https://files.pythonhosted.org/packages/8b/c0/3b867c88c902a39103e83b02c5cd0e2dc18c4a641291314564003cc7f301/pyxel_reload-0.2.0-py3-none-any.whl", hash = "sha256:946febe6515514d8722a7cee0772cec2a7527d594236a9e1c974b1787eb6c084", size = 4830 },
]

[[package]]
name = "pyxel-utils"
version = "0.1.1"
source = { registry = "https://pypi.org/simple" }
sdist = { url = "https://files.pythonhosted.org/packages/b8/d6/0c7a1bb887f6e4358afb3007004064655b35a17e1f839943bf894a6daf00/pyxel_utils-0.1.1.tar.gz", hash = "sha256:841b225e7830d23ac121019ec307062910d2a38d939bca6a22485fcfdd4b1a73", size = 13670 }
wheels = [
    { url = "https://files.pythonhosted.org/packages/4c/1d/8deee47c519213a6302484842730f8b08234d20bb0be7db760db09fa9deb/pyxel_utils-0.1.1-py3-none-any.whl", hash = "sha256:2064088b7961edb81c4efccd856b02cdf4eaf46de0db88e58e8307f997172890", size = 4161 },
]

[[package]]
name = "ruff"
version = "0.8.5"
source = { registry = "https://pypi.org/simple" }
sdist = { url = "https://files.pythonhosted.org/packages/25/5d/4b5403f3e89837decfd54c51bea7f94b7d3fae77e08858603d0e04d7ad17/ruff-0.8.5.tar.gz", hash = "sha256:1098d36f69831f7ff2a1da3e6407d5fbd6dfa2559e4f74ff2d260c5588900317", size = 3454835 }
wheels = [
    { url = "https://files.pythonhosted.org/packages/73/f8/03391745a703ce11678eb37c48ae89ec60396ea821e9d0bcea7c8e88fd91/ruff-0.8.5-py3-none-linux_armv6l.whl", hash = "sha256:5ad11a5e3868a73ca1fa4727fe7e33735ea78b416313f4368c504dbeb69c0f88", size = 10626889 },
    { url = "https://files.pythonhosted.org/packages/55/74/83bb74a44183b904216f3edfb9995b89830c83aaa6ce84627f74da0e0cf8/ruff-0.8.5-py3-none-macosx_10_12_x86_64.whl", hash = "sha256:f69ab37771ea7e0715fead8624ec42996d101269a96e31f4d31be6fc33aa19b7", size = 10398233 },
    { url = "https://files.pythonhosted.org/packages/e8/7a/a162a4feb3ef85d594527165e366dde09d7a1e534186ff4ba5d127eda850/ruff-0.8.5-py3-none-macosx_11_0_arm64.whl", hash = "sha256:b5462d7804558ccff9c08fe8cbf6c14b7efe67404316696a2dde48297b1925bb", size = 10001843 },
    { url = "https://files.pythonhosted.org/packages/e7/9f/5ee5dcd135411402e35b6ec6a8dfdadbd31c5cd1c36a624d356a38d76090/ruff-0.8.5-py3-none-manylinux_2_17_aarch64.manylinux2014_aarch64.whl", hash = "sha256:d56de7220a35607f9fe59f8a6d018e14504f7b71d784d980835e20fc0611cd50", size = 10872507 },
    { url = "https://files.pythonhosted.org/packages/b6/67/db2df2dd4a34b602d7f6ebb1b3744c8157f0d3579973ffc58309c9c272e8/ruff-0.8.5-py3-none-manylinux_2_17_armv7l.manylinux2014_armv7l.whl", hash = "sha256:9d99cf80b0429cbebf31cbbf6f24f05a29706f0437c40413d950e67e2d4faca4", size = 10377200 },
    { url = "https://files.pythonhosted.org/packages/fe/ff/fe3a6a73006bced73e60d171d154a82430f61d97e787f511a24bd6302611/ruff-0.8.5-py3-none-manylinux_2_17_i686.manylinux2014_i686.whl", hash = "sha256:7b75ac29715ac60d554a049dbb0ef3b55259076181c3369d79466cb130eb5afd", size = 11433155 },
    { url = "https://files.pythonhosted.org/packages/e3/95/c1d1a1fe36658c1f3e1b47e1cd5f688b72d5786695b9e621c2c38399a95e/ruff-0.8.5-py3-none-manylinux_2_17_ppc64.manylinux2014_ppc64.whl", hash = "sha256:c9d526a62c9eda211b38463528768fd0ada25dad524cb33c0e99fcff1c67b5dc", size = 12139227 },
    { url = "https://files.pythonhosted.org/packages/1b/fe/644b70d473a27b5112ac7a3428edcc1ce0db775c301ff11aa146f71886e0/ruff-0.8.5-py3-none-manylinux_2_17_ppc64le.manylinux2014_ppc64le.whl", hash = "sha256:587c5e95007612c26509f30acc506c874dab4c4abbacd0357400bd1aa799931b", size = 11697941 },
    { url = "https://files.pythonhosted.org/packages/00/39/4f83e517ec173e16a47c6d102cd22a1aaebe80e1208a1f2e83ab9a0e4134/ruff-0.8.5-py3-none-manylinux_2_17_s390x.manylinux2014_s390x.whl", hash = "sha256:622b82bf3429ff0e346835ec213aec0a04d9730480cbffbb6ad9372014e31bbd", size = 12967686 },
    { url = "https://files.pythonhosted.org/packages/1a/f6/52a2973ff108d74b5da706a573379eea160bece098f7cfa3f35dc4622710/ruff-0.8.5-py3-none-manylinux_2_17_x86_64.manylinux2014_x86_64.whl", hash = "sha256:f99be814d77a5dac8a8957104bdd8c359e85c86b0ee0e38dca447cb1095f70fb", size = 11253788 },
    { url = "https://files.pythonhosted.org/packages/ce/1f/3b30f3c65b1303cb8e268ec3b046b77ab21ed8e26921cfc7e8232aa57f2c/ruff-0.8.5-py3-none-musllinux_1_2_aarch64.whl", hash = "sha256:c01c048f9c3385e0fd7822ad0fd519afb282af9cf1778f3580e540629df89725", size = 10860360 },
    { url = "https://files.pythonhosted.org/packages/a5/a8/2a3ea6bacead963f7aeeba0c61815d9b27b0d638e6a74984aa5cc5d27733/ruff-0.8.5-py3-none-musllinux_1_2_armv7l.whl", hash = "sha256:7512e8cb038db7f5db6aae0e24735ff9ea03bb0ed6ae2ce534e9baa23c1dc9ea", size = 10457922 },
    { url = "https://files.pythonhosted.org/packages/17/47/8f9514b670969aab57c5fc826fb500a16aee8feac1bcf8a91358f153a5ba/ruff-0.8.5-py3-none-musllinux_1_2_i686.whl", hash = "sha256:762f113232acd5b768d6b875d16aad6b00082add40ec91c927f0673a8ec4ede8", size = 10958347 },
    { url = "https://files.pythonhosted.org/packages/0d/d6/78a9af8209ad99541816d74f01ce678fc01ebb3f37dd7ab8966646dcd92b/ruff-0.8.5-py3-none-musllinux_1_2_x86_64.whl", hash = "sha256:03a90200c5dfff49e4c967b405f27fdfa81594cbb7c5ff5609e42d7fe9680da5", size = 11328882 },
    { url = "https://files.pythonhosted.org/packages/54/77/5c8072ec7afdfdf42c7a4019044486a2b6c85ee73617f8875ec94b977fed/ruff-0.8.5-py3-none-win32.whl", hash = "sha256:8710ffd57bdaa6690cbf6ecff19884b8629ec2a2a2a2f783aa94b1cc795139ed", size = 8802515 },
    { url = "https://files.pythonhosted.org/packages/bc/b6/47d2b06784de8ae992c45cceb2a30f3f205b3236a629d7ca4c0c134839a2/ruff-0.8.5-py3-none-win_amd64.whl", hash = "sha256:4020d8bf8d3a32325c77af452a9976a9ad6455773bcb94991cf15bd66b347e47", size = 9684231 },
    { url = "https://files.pythonhosted.org/packages/bf/5e/ffee22bf9f9e4b2669d1f0179ae8804584939fb6502b51f2401e26b1e028/ruff-0.8.5-py3-none-win_arm64.whl", hash = "sha256:134ae019ef13e1b060ab7136e7828a6d83ea727ba123381307eb37c6bd5e01cb", size = 9124741 },
]

[[package]]
name = "sniffio"
version = "1.3.1"
source = { registry = "https://pypi.org/simple" }
sdist = { url = "https://files.pythonhosted.org/packages/a2/87/a6771e1546d97e7e041b6ae58d80074f81b7d5121207425c964ddf5cfdbd/sniffio-1.3.1.tar.gz", hash = "sha256:f4324edc670a0f49750a81b895f35c3adb843cca46f0530f79fc1babb23789dc", size = 20372 }
wheels = [
    { url = "https://files.pythonhosted.org/packages/e9/44/75a9c9421471a6c4805dbf2356f7c181a29c1879239abab1ea2cc8f38b40/sniffio-1.3.1-py3-none-any.whl", hash = "sha256:2f6da418d1f1e0fddd844478f41680e794e6051915791a034ff65e5f100525a2", size = 10235 },
]

[[package]]
name = "watchfiles"
version = "1.0.3"
source = { registry = "https://pypi.org/simple" }
dependencies = [
    { name = "anyio" },
]
sdist = { url = "https://files.pythonhosted.org/packages/3c/7e/4569184ea04b501840771b8fcecee19b2233a8b72c196061263c0ef23c0b/watchfiles-1.0.3.tar.gz", hash = "sha256:f3ff7da165c99a5412fe5dd2304dd2dbaaaa5da718aad942dcb3a178eaa70c56", size = 38185 }
wheels = [
    { url = "https://files.pythonhosted.org/packages/36/77/0ceb864c854c59bc5326484f88a900c70b4a05e3792e0ce340689988dd5e/watchfiles-1.0.3-cp313-cp313-macosx_10_12_x86_64.whl", hash = "sha256:e153a690b7255c5ced17895394b4f109d5dcc2a4f35cb809374da50f0e5c456a", size = 391061 },
    { url = "https://files.pythonhosted.org/packages/00/66/327046cfe276a6e4af1a9a58fc99321e25783e501dc68c4c82de2d1bd3a7/watchfiles-1.0.3-cp313-cp313-macosx_11_0_arm64.whl", hash = "sha256:ac1be85fe43b4bf9a251978ce5c3bb30e1ada9784290441f5423a28633a958a7", size = 381177 },
    { url = "https://files.pythonhosted.org/packages/66/8a/420e2833deaa88e8ca7d94a497ec60fde610c66206a1776f049dc5ad3a4e/watchfiles-1.0.3-cp313-cp313-manylinux_2_17_aarch64.manylinux2014_aarch64.whl", hash = "sha256:a2ec98e31e1844eac860e70d9247db9d75440fc8f5f679c37d01914568d18721", size = 441293 },
    { url = "https://files.pythonhosted.org/packages/58/56/2627795ecdf3f0f361458cfa74c583d5041615b9ad81bc25f8c66a6c44a2/watchfiles-1.0.3-cp313-cp313-manylinux_2_17_armv7l.manylinux2014_armv7l.whl", hash = "sha256:0179252846be03fa97d4d5f8233d1c620ef004855f0717712ae1c558f1974a16", size = 446209 },
    { url = "https://files.pythonhosted.org/packages/8f/d0/11c8dcd8a9995f0c075d76f1d06068bbb7a17583a19c5be75361497a4074/watchfiles-1.0.3-cp313-cp313-manylinux_2_17_i686.manylinux2014_i686.whl", hash = "sha256:995c374e86fa82126c03c5b4630c4e312327ecfe27761accb25b5e1d7ab50ec8", size = 471227 },
    { url = "https://files.pythonhosted.org/packages/cb/8f/baa06574eaf48173882c4cdc3636993d0854661be7d88193e015ef996c73/watchfiles-1.0.3-cp313-cp313-manylinux_2_17_ppc64le.manylinux2014_ppc64le.whl", hash = "sha256:29b9cb35b7f290db1c31fb2fdf8fc6d3730cfa4bca4b49761083307f441cac5a", size = 493205 },
    { url = "https://files.pythonhosted.org/packages/ee/e8/9af886b4d3daa281047b542ffd2eb8f76dae9dd6ca0e21c5df4593b98574/watchfiles-1.0.3-cp313-cp313-manylinux_2_17_s390x.manylinux2014_s390x.whl", hash = "sha256:6f8dc09ae69af50bead60783180f656ad96bd33ffbf6e7a6fce900f6d53b08f1", size = 489090 },
    { url = "https://files.pythonhosted.org/packages/81/02/62085db54b151fc02e22d47b288d19e99031dc9af73151289a7ab6621f9a/watchfiles-1.0.3-cp313-cp313-manylinux_2_17_x86_64.manylinux2014_x86_64.whl", hash = "sha256:489b80812f52a8d8c7b0d10f0d956db0efed25df2821c7a934f6143f76938bd6", size = 442610 },
    { url = "https://files.pythonhosted.org/packages/61/81/980439c5d3fd3c69ba7124a56e1016d0b824ced2192ffbfe7062d53f524b/watchfiles-1.0.3-cp313-cp313-musllinux_1_1_aarch64.whl", hash = "sha256:228e2247de583475d4cebf6b9af5dc9918abb99d1ef5ee737155bb39fb33f3c0", size = 614781 },
    { url = "https://files.pythonhosted.org/packages/55/98/e11401d8e9cd5d2bd0e95e9bf750f397489681965ee0c72fb84732257912/watchfiles-1.0.3-cp313-cp313-musllinux_1_1_x86_64.whl", hash = "sha256:1550be1a5cb3be08a3fb84636eaafa9b7119b70c71b0bed48726fd1d5aa9b868", size = 612637 },
    { url = "https://files.pythonhosted.org/packages/50/be/8393b68f2add0f839be6863f151bd6a7b242efc6eb2ce0c9f7d135d529cc/watchfiles-1.0.3-cp313-cp313-win32.whl", hash = "sha256:16db2d7e12f94818cbf16d4c8938e4d8aaecee23826344addfaaa671a1527b07", size = 271170 },
    { url = "https://files.pythonhosted.org/packages/f0/da/725f97a8b1b4e7b3e4331cce3ef921b12568af3af403b9f0f61ede036898/watchfiles-1.0.3-cp313-cp313-win_amd64.whl", hash = "sha256:160eff7d1267d7b025e983ca8460e8cc67b328284967cbe29c05f3c3163711a3", size = 285246 },
]
